
Microsoft Visual Studio Solution File, Format Version 12.00
# Visual Studio 15
VisualStudioVersion = 15.0.28307.271
MinimumVisualStudioVersion = 10.0.40219.1
Project("{9A19103F-16F7-4668-BE54-9A1E7A4F7556}") = "Deanta.ApiGateway", "src\Deanta.ApiGateway\Deanta.ApiGateway.csproj", "{DA6D1FDA-0BAC-45C1-8073-17600831D90A}"
EndProject
Project("{9A19103F-16F7-4668-BE54-9A1E7A4F7556}") = "Deanta.QueryAPI", "src\Deanta.QueryAPI\Deanta.QueryAPI.csproj", "{626C7C89-C30A-4486-967A-1D80193672A2}"
EndProject
Project("{9A19103F-16F7-4668-BE54-9A1E7A4F7556}") = "Deanta.CommandAPI", "src\Deanta.CommandAPI\Deanta.CommandAPI.csproj", "{CC7DB9DE-E93E-4C80-BA52-C8142E5E06BE}"
EndProject
Project("{9A19103F-16F7-4668-BE54-9A1E7A4F7556}") = "Deanta.CommandAPI.UnitTests", "src\Deanta.CommandAPI.UnitTests\Deanta.CommandAPI.UnitTests.csproj", "{7DFDDC22-B8A6-46A2-A355-BE0BB99D32F4}"
EndProject
Project("{9A19103F-16F7-4668-BE54-9A1E7A4F7556}") = "Deanta.QueryAPI.UnitTests", "src\Deanta.QueryAPI.UnitTests\Deanta.QueryAPI.UnitTests.csproj", "{02837711-39C3-4807-9EBC-04FD188BA216}"
EndProject
Project("{9A19103F-16F7-4668-BE54-9A1E7A4F7556}") = "Deanta.Models", "src\Deanta.Models\Deanta.Models.csproj", "{6879B1DF-3ACE-4503-BDFC-0A5FF4F4B5CC}"
EndProject
Project("{9A19103F-16F7-4668-BE54-9A1E7A4F7556}") = "Deanta.ApiGateway.UnitTests", "src\Deanta.ApiGateway.UnitTests\Deanta.ApiGateway.UnitTests.csproj", "{77DA956A-007E-4CF5-B9ED-F01AE9203C1D}"
EndProject 
Project("{2150E333-8FDC-42A3-9474-1A3956D46DE8}") = "Tests", "Tests", "{196E7DA0-F4C8-42B1-B1D9-FB428E7569BF}"
EndProject
Project("{2150E333-8FDC-42A3-9474-1A3956D46DE8}") = "Deanta", "Deanta", "{8EB75F9C-1556-40B8-8997-6DFDB1BF31B1}"
EndProject
Project("{9A19103F-16F7-4668-BE54-9A1E7A4F7556}") = "Deanta.CommandAPI.Client", "src\Deanta.CommandAPI.Client\Deanta.CommandAPI.Client.csproj", "{E5C6D7B4-3933-41C8-9AD1-8254DCB1D68B}"
EndProject
Project("{9A19103F-16F7-4668-BE54-9A1E7A4F7556}") = "Deanta.QueryAPI.Client", "src\Deanta.QueryAPI.Client\Deanta.QueryAPI.Client.csproj", "{D2C00A68-0DE7-4FEC-9279-FD3A0DF2AF7A}"
EndProject
Project("{9A19103F-16F7-4668-BE54-9A1E7A4F7556}") = "Common.Toolbox", "src\Common.Toolbox\Common.Toolbox.csproj", "{78927395-4F03-462A-BACD-899B2A83B479}"
EndProject
Project("{2150E333-8FDC-42A3-9474-1A3956D46DE8}") = "Common", "Common", "{FFDC7352-A264-4804-88A9-FD72233DCC58}"
EndProject
Project("{9A19103F-16F7-4668-BE54-9A1E7A4F7556}") = "Common.Toolbox.UnitTests", "src\Common.Toolbox.UnitTests\Common.Toolbox.UnitTests.csproj", "{E669077B-25CB-41D4-AF18-16C9620899CA}"
EndProject
Project("{FAE04EC0-301F-11D3-BF4B-00C04F79EFBC}") = "Deanta.UnitTests.Common", "src\Deanta.UnitTests.Common\Deanta.UnitTests.Common.csproj", "{B65CAD1F-01DA-4DBA-9C00-CDA14C9B5DC7}"
EndProject
Global
	GlobalSection(SolutionConfigurationPlatforms) = preSolution
		Debug|Any CPU = Debug|Any CPU
		Release|Any CPU = Release|Any CPU
	EndGlobalSection
	GlobalSection(ProjectConfigurationPlatforms) = postSolution
		{DA6D1FDA-0BAC-45C1-8073-17600831D90A}.Debug|Any CPU.ActiveCfg = Debug|Any CPU
		{DA6D1FDA-0BAC-45C1-8073-17600831D90A}.Debug|Any CPU.Build.0 = Debug|Any CPU
		{DA6D1FDA-0BAC-45C1-8073-17600831D90A}.Release|Any CPU.ActiveCfg = Release|Any CPU
		{DA6D1FDA-0BAC-45C1-8073-17600831D90A}.Release|Any CPU.Build.0 = Release|Any CPU
		{626C7C89-C30A-4486-967A-1D80193672A2}.Debug|Any CPU.ActiveCfg = Debug|Any CPU
		{626C7C89-C30A-4486-967A-1D80193672A2}.Debug|Any CPU.Build.0 = Debug|Any CPU
		{626C7C89-C30A-4486-967A-1D80193672A2}.Release|Any CPU.ActiveCfg = Release|Any CPU
		{626C7C89-C30A-4486-967A-1D80193672A2}.Release|Any CPU.Build.0 = Release|Any CPU
		{CC7DB9DE-E93E-4C80-BA52-C8142E5E06BE}.Debug|Any CPU.ActiveCfg = Debug|Any CPU
		{CC7DB9DE-E93E-4C80-BA52-C8142E5E06BE}.Debug|Any CPU.Build.0 = Debug|Any CPU
		{CC7DB9DE-E93E-4C80-BA52-C8142E5E06BE}.Release|Any CPU.ActiveCfg = Release|Any CPU
		{CC7DB9DE-E93E-4C80-BA52-C8142E5E06BE}.Release|Any CPU.Build.0 = Release|Any CPU
		{7DFDDC22-B8A6-46A2-A355-BE0BB99D32F4}.Debug|Any CPU.ActiveCfg = Debug|Any CPU
		{7DFDDC22-B8A6-46A2-A355-BE0BB99D32F4}.Debug|Any CPU.Build.0 = Debug|Any CPU
		{7DFDDC22-B8A6-46A2-A355-BE0BB99D32F4}.Release|Any CPU.ActiveCfg = Release|Any CPU
		{7DFDDC22-B8A6-46A2-A355-BE0BB99D32F4}.Release|Any CPU.Build.0 = Release|Any CPU
		{02837711-39C3-4807-9EBC-04FD188BA216}.Debug|Any CPU.ActiveCfg = Debug|Any CPU
		{02837711-39C3-4807-9EBC-04FD188BA216}.Debug|Any CPU.Build.0 = Debug|Any CPU
		{02837711-39C3-4807-9EBC-04FD188BA216}.Release|Any CPU.ActiveCfg = Release|Any CPU
		{02837711-39C3-4807-9EBC-04FD188BA216}.Release|Any CPU.Build.0 = Release|Any CPU
		{6879B1DF-3ACE-4503-BDFC-0A5FF4F4B5CC}.Debug|Any CPU.ActiveCfg = Debug|Any CPU
		{6879B1DF-3ACE-4503-BDFC-0A5FF4F4B5CC}.Debug|Any CPU.Build.0 = Debug|Any CPU
		{6879B1DF-3ACE-4503-BDFC-0A5FF4F4B5CC}.Release|Any CPU.ActiveCfg = Release|Any CPU
		{6879B1DF-3ACE-4503-BDFC-0A5FF4F4B5CC}.Release|Any CPU.Build.0 = Release|Any CPU
		{77DA956A-007E-4CF5-B9ED-F01AE9203C1D}.Debug|Any CPU.ActiveCfg = Debug|Any CPU
		{77DA956A-007E-4CF5-B9ED-F01AE9203C1D}.Debug|Any CPU.Build.0 = Debug|Any CPU
		{77DA956A-007E-4CF5-B9ED-F01AE9203C1D}.Release|Any CPU.ActiveCfg = Release|Any CPU
		{77DA956A-007E-4CF5-B9ED-F01AE9203C1D}.Release|Any CPU.Build.0 = Release|Any CPU
		{E5C6D7B4-3933-41C8-9AD1-8254DCB1D68B}.Debug|Any CPU.ActiveCfg = Debug|Any CPU
		{E5C6D7B4-3933-41C8-9AD1-8254DCB1D68B}.Debug|Any CPU.Build.0 = Debug|Any CPU
		{E5C6D7B4-3933-41C8-9AD1-8254DCB1D68B}.Release|Any CPU.ActiveCfg = Release|Any CPU
		{E5C6D7B4-3933-41C8-9AD1-8254DCB1D68B}.Release|Any CPU.Build.0 = Release|Any CPU
		{D2C00A68-0DE7-4FEC-9279-FD3A0DF2AF7A}.Debug|Any CPU.ActiveCfg = Debug|Any CPU
		{D2C00A68-0DE7-4FEC-9279-FD3A0DF2AF7A}.Debug|Any CPU.Build.0 = Debug|Any CPU
		{D2C00A68-0DE7-4FEC-9279-FD3A0DF2AF7A}.Release|Any CPU.ActiveCfg = Release|Any CPU
		{D2C00A68-0DE7-4FEC-9279-FD3A0DF2AF7A}.Release|Any CPU.Build.0 = Release|Any CPU
		{78927395-4F03-462A-BACD-899B2A83B479}.Debug|Any CPU.ActiveCfg = Debug|Any CPU
		{78927395-4F03-462A-BACD-899B2A83B479}.Debug|Any CPU.Build.0 = Debug|Any CPU
		{78927395-4F03-462A-BACD-899B2A83B479}.Release|Any CPU.ActiveCfg = Release|Any CPU
		{78927395-4F03-462A-BACD-899B2A83B479}.Release|Any CPU.Build.0 = Release|Any CPU
		{E669077B-25CB-41D4-AF18-16C9620899CA}.Debug|Any CPU.ActiveCfg = Debug|Any CPU
		{E669077B-25CB-41D4-AF18-16C9620899CA}.Debug|Any CPU.Build.0 = Debug|Any CPU
		{E669077B-25CB-41D4-AF18-16C9620899CA}.Release|Any CPU.ActiveCfg = Release|Any CPU
		{E669077B-25CB-41D4-AF18-16C9620899CA}.Release|Any CPU.Build.0 = Release|Any CPU
		{B65CAD1F-01DA-4DBA-9C00-CDA14C9B5DC7}.Debug|Any CPU.ActiveCfg = Debug|Any CPU
		{B65CAD1F-01DA-4DBA-9C00-CDA14C9B5DC7}.Debug|Any CPU.Build.0 = Debug|Any CPU
		{B65CAD1F-01DA-4DBA-9C00-CDA14C9B5DC7}.Release|Any CPU.ActiveCfg = Release|Any CPU
		{B65CAD1F-01DA-4DBA-9C00-CDA14C9B5DC7}.Release|Any CPU.Build.0 = Release|Any CPU
	EndGlobalSection
	GlobalSection(SolutionProperties) = preSolution
		HideSolutionNode = FALSE
	EndGlobalSection
	GlobalSection(NestedProjects) = preSolution
		{626C7C89-C30A-4486-967A-1D80193672A2} = {8EB75F9C-1556-40B8-8997-6DFDB1BF31B1}
		{CC7DB9DE-E93E-4C80-BA52-C8142E5E06BE} = {8EB75F9C-1556-40B8-8997-6DFDB1BF31B1}
		{7DFDDC22-B8A6-46A2-A355-BE0BB99D32F4} = {196E7DA0-F4C8-42B1-B1D9-FB428E7569BF}
		{02837711-39C3-4807-9EBC-04FD188BA216} = {196E7DA0-F4C8-42B1-B1D9-FB428E7569BF}
		{6879B1DF-3ACE-4503-BDFC-0A5FF4F4B5CC} = {8EB75F9C-1556-40B8-8997-6DFDB1BF31B1}
		{77DA956A-007E-4CF5-B9ED-F01AE9203C1D} = {196E7DA0-F4C8-42B1-B1D9-FB428E7569BF}
		{E5C6D7B4-3933-41C8-9AD1-8254DCB1D68B} = {8EB75F9C-1556-40B8-8997-6DFDB1BF31B1}
		{D2C00A68-0DE7-4FEC-9279-FD3A0DF2AF7A} = {8EB75F9C-1556-40B8-8997-6DFDB1BF31B1}
		{78927395-4F03-462A-BACD-899B2A83B479} = {FFDC7352-A264-4804-88A9-FD72233DCC58}
		{E669077B-25CB-41D4-AF18-16C9620899CA} = {196E7DA0-F4C8-42B1-B1D9-FB428E7569BF}
		{B65CAD1F-01DA-4DBA-9C00-CDA14C9B5DC7} = {196E7DA0-F4C8-42B1-B1D9-FB428E7569BF}
	EndGlobalSection
	GlobalSection(ExtensibilityGlobals) = postSolution
		SolutionGuid = {568C3C34-BEF9-48D3-B685-C93F21ACA033}
	EndGlobalSection
EndGlobal
